
Microsoft Visual Studio Solution File, Format Version 12.00
# Visual Studio Version 17
VisualStudioVersion = 17.9.34728.123
MinimumVisualStudioVersion = 10.0.40219.1
Project("{FAE04EC0-301F-11D3-BF4B-00C04F79EFBC}") = "Finalizers", "Finalizers\Finalizers.csproj", "{33D0AAB5-F483-42A7-BAE2-DC4E6D85A404}"
EndProject
Global
	GlobalSection(SolutionConfigurationPlatforms) = preSolution
		Debug|Any CPU = Debug|Any CPU
		Release|Any CPU = Release|Any CPU
	EndGlobalSection
	GlobalSection(ProjectConfigurationPlatforms) = postSolution
		{33D0AAB5-F483-42A7-BAE2-DC4E6D85A404}.Debug|Any CPU.ActiveCfg = Debug|Any CPU
		{33D0AAB5-F483-42A7-BAE2-DC4E6D85A404}.Debug|Any CPU.Build.0 = Debug|Any CPU
		{33D0AAB5-F483-42A7-BAE2-DC4E6D85A404}.Release|Any CPU.ActiveCfg = Release|Any CPU
		{33D0AAB5-F483-42A7-BAE2-DC4E6D85A404}.Release|Any CPU.Build.0 = Release|Any CPU
	EndGlobalSection
	GlobalSection(SolutionProperties) = preSolution
		HideSolutionNode = FALSE
	EndGlobalSection
	GlobalSection(ExtensibilityGlobals) = postSolution
		SolutionGuid = {700152ED-3BF0-4BEA-A1DB-F8D22AD8F459}
	EndGlobalSection
EndGlobal
