
Microsoft Visual Studio Solution File, Format Version 12.00
# Visual Studio Version 17
VisualStudioVersion = 17.9.34728.123
MinimumVisualStudioVersion = 10.0.40219.1
Project("{FAE04EC0-301F-11D3-BF4B-00C04F79EFBC}") = "TestTask", "TestTask\TestTask.csproj", "{6E3813DE-C534-4BD1-A088-504DCFA238AB}"
EndProject
Global
	GlobalSection(SolutionConfigurationPlatforms) = preSolution
		Debug|Any CPU = Debug|Any CPU
		Release|Any CPU = Release|Any CPU
	EndGlobalSection
	GlobalSection(ProjectConfigurationPlatforms) = postSolution
		{6E3813DE-C534-4BD1-A088-504DCFA238AB}.Debug|Any CPU.ActiveCfg = Debug|Any CPU
		{6E3813DE-C534-4BD1-A088-504DCFA238AB}.Debug|Any CPU.Build.0 = Debug|Any CPU
		{6E3813DE-C534-4BD1-A088-504DCFA238AB}.Release|Any CPU.ActiveCfg = Release|Any CPU
		{6E3813DE-C534-4BD1-A088-504DCFA238AB}.Release|Any CPU.Build.0 = Release|Any CPU
	EndGlobalSection
	GlobalSection(SolutionProperties) = preSolution
		HideSolutionNode = FALSE
	EndGlobalSection
	GlobalSection(ExtensibilityGlobals) = postSolution
		SolutionGuid = {434D5033-1628-4061-AFCF-3CB7BBECE52B}
	EndGlobalSection
EndGlobal
